// !$*UTF8*$!
{
	archiveVersion = 1;
	classes = {
	};
	objectVersion = 56;
	objects = {

/* Begin PBXBuildFile section */
		A0918F592ACD90F900872138 /* RealityKitContent in Frameworks */ = {isa = PBXBuildFile; productRef = A0918F582ACD90F900872138 /* RealityKitContent */; };
		A0918F5B2ACD90F900872138 /* myvisionApp.swift in Sources */ = {isa = PBXBuildFile; fileRef = A0918F5A2ACD90F900872138 /* myvisionApp.swift */; };
		A0918F5D2ACD90F900872138 /* ContentView.swift in Sources */ = {isa = PBXBuildFile; fileRef = A0918F5C2ACD90F900872138 /* ContentView.swift */; };
		A0918F5F2ACD90F900872138 /* ImmersiveView.swift in Sources */ = {isa = PBXBuildFile; fileRef = A0918F5E2ACD90F900872138 /* ImmersiveView.swift */; };
		A0918F612ACD90FA00872138 /* Assets.xcassets in Resources */ = {isa = PBXBuildFile; fileRef = A0918F602ACD90FA00872138 /* Assets.xcassets */; };
		A0918F642ACD90FA00872138 /* Preview Assets.xcassets in Resources */ = {isa = PBXBuildFile; fileRef = A0918F632ACD90FA00872138 /* Preview Assets.xcassets */; };
		A0918F6F2ACD90FA00872138 /* myvisionTests.swift in Sources */ = {isa = PBXBuildFile; fileRef = A0918F6E2ACD90FA00872138 /* myvisionTests.swift */; };
/* End PBXBuildFile section */

/* Begin PBXContainerItemProxy section */
		A0918F6B2ACD90FA00872138 /* PBXContainerItemProxy */ = {
			isa = PBXContainerItemProxy;
			containerPortal = A0918F4B2ACD90F900872138 /* Project object */;
			proxyType = 1;
			remoteGlobalIDString = A0918F522ACD90F900872138;
			remoteInfo = myvision;
		};
/* End PBXContainerItemProxy section */

/* Begin PBXFileReference section */
		A0918F532ACD90F900872138 /* myvision.app */ = {isa = PBXFileReference; explicitFileType = wrapper.application; includeInIndex = 0; path = myvision.app; sourceTree = BUILT_PRODUCTS_DIR; };
		A0918F572ACD90F900872138 /* RealityKitContent */ = {isa = PBXFileReference; lastKnownFileType = wrapper; path = RealityKitContent; sourceTree = "<group>"; };
		A0918F5A2ACD90F900872138 /* myvisionApp.swift */ = {isa = PBXFileReference; lastKnownFileType = sourcecode.swift; path = myvisionApp.swift; sourceTree = "<group>"; };
		A0918F5C2ACD90F900872138 /* ContentView.swift */ = {isa = PBXFileReference; lastKnownFileType = sourcecode.swift; path = ContentView.swift; sourceTree = "<group>"; };
		A0918F5E2ACD90F900872138 /* ImmersiveView.swift */ = {isa = PBXFileReference; lastKnownFileType = sourcecode.swift; path = ImmersiveView.swift; sourceTree = "<group>"; };
		A0918F602ACD90FA00872138 /* Assets.xcassets */ = {isa = PBXFileReference; lastKnownFileType = folder.assetcatalog; path = Assets.xcassets; sourceTree = "<group>"; };
		A0918F632ACD90FA00872138 /* Preview Assets.xcassets */ = {isa = PBXFileReference; lastKnownFileType = folder.assetcatalog; path = "Preview Assets.xcassets"; sourceTree = "<group>"; };
		A0918F652ACD90FA00872138 /* Info.plist */ = {isa = PBXFileReference; lastKnownFileType = text.plist.xml; path = Info.plist; sourceTree = "<group>"; };
		A0918F6A2ACD90FA00872138 /* myvisionTests.xctest */ = {isa = PBXFileReference; explicitFileType = wrapper.cfbundle; includeInIndex = 0; path = myvisionTests.xctest; sourceTree = BUILT_PRODUCTS_DIR; };
		A0918F6E2ACD90FA00872138 /* myvisionTests.swift */ = {isa = PBXFileReference; lastKnownFileType = sourcecode.swift; path = myvisionTests.swift; sourceTree = "<group>"; };
/* End PBXFileReference section */

/* Begin PBXFrameworksBuildPhase section */
		A0918F502ACD90F900872138 /* Frameworks */ = {
			isa = PBXFrameworksBuildPhase;
			buildActionMask = 2147483647;
			files = (
				A0918F592ACD90F900872138 /* RealityKitContent in Frameworks */,
			);
			runOnlyForDeploymentPostprocessing = 0;
		};
		A0918F672ACD90FA00872138 /* Frameworks */ = {
			isa = PBXFrameworksBuildPhase;
			buildActionMask = 2147483647;
			files = (
			);
			runOnlyForDeploymentPostprocessing = 0;
		};
/* End PBXFrameworksBuildPhase section */

/* Begin PBXGroup section */
		A0918F4A2ACD90F900872138 = {
			isa = PBXGroup;
			children = (
				A0918F552ACD90F900872138 /* myvision */,
				A0918F562ACD90F900872138 /* Packages */,
				A0918F6D2ACD90FA00872138 /* myvisionTests */,
				A0918F542ACD90F900872138 /* Products */,
			);
			sourceTree = "<group>";
		};
		A0918F542ACD90F900872138 /* Products */ = {
			isa = PBXGroup;
			children = (
				A0918F532ACD90F900872138 /* myvision.app */,
				A0918F6A2ACD90FA00872138 /* myvisionTests.xctest */,
			);
			name = Products;
			sourceTree = "<group>";
		};
		A0918F552ACD90F900872138 /* myvision */ = {
			isa = PBXGroup;
			children = (
				A0918F5A2ACD90F900872138 /* myvisionApp.swift */,
				A0918F5C2ACD90F900872138 /* ContentView.swift */,
				A0918F5E2ACD90F900872138 /* ImmersiveView.swift */,
				A0918F602ACD90FA00872138 /* Assets.xcassets */,
				A0918F652ACD90FA00872138 /* Info.plist */,
				A0918F622ACD90FA00872138 /* Preview Content */,
			);
			path = myvision;
			sourceTree = "<group>";
		};
		A0918F562ACD90F900872138 /* Packages */ = {
			isa = PBXGroup;
			children = (
				A0918F572ACD90F900872138 /* RealityKitContent */,
			);
			path = Packages;
			sourceTree = "<group>";
		};
		A0918F622ACD90FA00872138 /* Preview Content */ = {
			isa = PBXGroup;
			children = (
				A0918F632ACD90FA00872138 /* Preview Assets.xcassets */,
			);
			path = "Preview Content";
			sourceTree = "<group>";
		};
		A0918F6D2ACD90FA00872138 /* myvisionTests */ = {
			isa = PBXGroup;
			children = (
				A0918F6E2ACD90FA00872138 /* myvisionTests.swift */,
			);
			path = myvisionTests;
			sourceTree = "<group>";
		};
/* End PBXGroup section */

/* Begin PBXNativeTarget section */
		A0918F522ACD90F900872138 /* myvision */ = {
			isa = PBXNativeTarget;
			buildConfigurationList = A0918F722ACD90FA00872138 /* Build configuration list for PBXNativeTarget "myvision" */;
			buildPhases = (
				A0918F4F2ACD90F900872138 /* Sources */,
				A0918F502ACD90F900872138 /* Frameworks */,
				A0918F512ACD90F900872138 /* Resources */,
			);
			buildRules = (
			);
			dependencies = (
			);
			name = myvision;
			packageProductDependencies = (
				A0918F582ACD90F900872138 /* RealityKitContent */,
			);
			productName = myvision;
			productReference = A0918F532ACD90F900872138 /* myvision.app */;
			productType = "com.apple.product-type.application";
		};
		A0918F692ACD90FA00872138 /* myvisionTests */ = {
			isa = PBXNativeTarget;
			buildConfigurationList = A0918F752ACD90FA00872138 /* Build configuration list for PBXNativeTarget "myvisionTests" */;
			buildPhases = (
				A0918F662ACD90FA00872138 /* Sources */,
				A0918F672ACD90FA00872138 /* Frameworks */,
				A0918F682ACD90FA00872138 /* Resources */,
			);
			buildRules = (
			);
			dependencies = (
				A0918F6C2ACD90FA00872138 /* PBXTargetDependency */,
			);
			name = myvisionTests;
			productName = myvisionTests;
			productReference = A0918F6A2ACD90FA00872138 /* myvisionTests.xctest */;
			productType = "com.apple.product-type.bundle.unit-test";
		};
/* End PBXNativeTarget section */

/* Begin PBXProject section */
		A0918F4B2ACD90F900872138 /* Project object */ = {
			isa = PBXProject;
			attributes = {
				BuildIndependentTargetsInParallel = 1;
				LastSwiftUpdateCheck = 1500;
				LastUpgradeCheck = 1500;
				TargetAttributes = {
					A0918F522ACD90F900872138 = {
						CreatedOnToolsVersion = 15.0;
					};
					A0918F692ACD90FA00872138 = {
						CreatedOnToolsVersion = 15.0;
						TestTargetID = A0918F522ACD90F900872138;
					};
				};
			};
			buildConfigurationList = A0918F4E2ACD90F900872138 /* Build configuration list for PBXProject "myvision" */;
			compatibilityVersion = "Xcode 14.0";
			developmentRegion = en;
			hasScannedForEncodings = 0;
			knownRegions = (
				en,
				Base,
			);
			mainGroup = A0918F4A2ACD90F900872138;
			productRefGroup = A0918F542ACD90F900872138 /* Products */;
			projectDirPath = "";
			projectRoot = "";
			targets = (
				A0918F522ACD90F900872138 /* myvision */,
				A0918F692ACD90FA00872138 /* myvisionTests */,
			);
		};
/* End PBXProject section */

/* Begin PBXResourcesBuildPhase section */
		A0918F512ACD90F900872138 /* Resources */ = {
			isa = PBXResourcesBuildPhase;
			buildActionMask = 2147483647;
			files = (
				A0918F642ACD90FA00872138 /* Preview Assets.xcassets in Resources */,
				A0918F612ACD90FA00872138 /* Assets.xcassets in Resources */,
			);
			runOnlyForDeploymentPostprocessing = 0;
		};
		A0918F682ACD90FA00872138 /* Resources */ = {
			isa = PBXResourcesBuildPhase;
			buildActionMask = 2147483647;
			files = (
			);
			runOnlyForDeploymentPostprocessing = 0;
		};
/* End PBXResourcesBuildPhase section */

/* Begin PBXSourcesBuildPhase section */
		A0918F4F2ACD90F900872138 /* Sources */ = {
			isa = PBXSourcesBuildPhase;
			buildActionMask = 2147483647;
			files = (
				A0918F5D2ACD90F900872138 /* ContentView.swift in Sources */,
				A0918F5B2ACD90F900872138 /* myvisionApp.swift in Sources */,
				A0918F5F2ACD90F900872138 /* ImmersiveView.swift in Sources */,
			);
			runOnlyForDeploymentPostprocessing = 0;
		};
		A0918F662ACD90FA00872138 /* Sources */ = {
			isa = PBXSourcesBuildPhase;
			buildActionMask = 2147483647;
			files = (
				A0918F6F2ACD90FA00872138 /* myvisionTests.swift in Sources */,
			);
			runOnlyForDeploymentPostprocessing = 0;
		};
/* End PBXSourcesBuildPhase section */

/* Begin PBXTargetDependency section */
		A0918F6C2ACD90FA00872138 /* PBXTargetDependency */ = {
			isa = PBXTargetDependency;
			target = A0918F522ACD90F900872138 /* myvision */;
			targetProxy = A0918F6B2ACD90FA00872138 /* PBXContainerItemProxy */;
		};
/* End PBXTargetDependency section */

/* Begin XCBuildConfiguration section */
		A0918F702ACD90FA00872138 /* Debug */ = {
			isa = XCBuildConfiguration;
			buildSettings = {
				ALWAYS_SEARCH_USER_PATHS = NO;
				ASSETCATALOG_COMPILER_GENERATE_SWIFT_ASSET_SYMBOL_EXTENSIONS = YES;
				CLANG_ANALYZER_NONNULL = YES;
				CLANG_ANALYZER_NUMBER_OBJECT_CONVERSION = YES_AGGRESSIVE;
				CLANG_CXX_LANGUAGE_STANDARD = "gnu++20";
				CLANG_ENABLE_MODULES = YES;
				CLANG_ENABLE_OBJC_ARC = YES;
				CLANG_ENABLE_OBJC_WEAK = YES;
				CLANG_WARN_BLOCK_CAPTURE_AUTORELEASING = YES;
				CLANG_WARN_BOOL_CONVERSION = YES;
				CLANG_WARN_COMMA = YES;
				CLANG_WARN_CONSTANT_CONVERSION = YES;
				CLANG_WARN_DEPRECATED_OBJC_IMPLEMENTATIONS = YES;
				CLANG_WARN_DIRECT_OBJC_ISA_USAGE = YES_ERROR;
				CLANG_WARN_DOCUMENTATION_COMMENTS = YES;
				CLANG_WARN_EMPTY_BODY = YES;
				CLANG_WARN_ENUM_CONVERSION = YES;
				CLANG_WARN_INFINITE_RECURSION = YES;
				CLANG_WARN_INT_CONVERSION = YES;
				CLANG_WARN_NON_LITERAL_NULL_CONVERSION = YES;
				CLANG_WARN_OBJC_IMPLICIT_RETAIN_SELF = YES;
				CLANG_WARN_OBJC_LITERAL_CONVERSION = YES;
				CLANG_WARN_OBJC_ROOT_CLASS = YES_ERROR;
				CLANG_WARN_QUOTED_INCLUDE_IN_FRAMEWORK_HEADER = YES;
				CLANG_WARN_RANGE_LOOP_ANALYSIS = YES;
				CLANG_WARN_STRICT_PROTOTYPES = YES;
				CLANG_WARN_SUSPICIOUS_MOVE = YES;
				CLANG_WARN_UNGUARDED_AVAILABILITY = YES_AGGRESSIVE;
				CLANG_WARN_UNREACHABLE_CODE = YES;
				CLANG_WARN__DUPLICATE_METHOD_MATCH = YES;
				COPY_PHASE_STRIP = NO;
				DEBUG_INFORMATION_FORMAT = dwarf;
				ENABLE_STRICT_OBJC_MSGSEND = YES;
				ENABLE_TESTABILITY = YES;
				ENABLE_USER_SCRIPT_SANDBOXING = YES;
				GCC_C_LANGUAGE_STANDARD = gnu17;
				GCC_DYNAMIC_NO_PIC = NO;
				GCC_NO_COMMON_BLOCKS = YES;
				GCC_OPTIMIZATION_LEVEL = 0;
				GCC_PREPROCESSOR_DEFINITIONS = (
					"DEBUG=1",
					"$(inherited)",
				);
				GCC_WARN_64_TO_32_BIT_CONVERSION = YES;
				GCC_WARN_ABOUT_RETURN_TYPE = YES_ERROR;
				GCC_WARN_UNDECLARED_SELECTOR = YES;
				GCC_WARN_UNINITIALIZED_AUTOS = YES_AGGRESSIVE;
				GCC_WARN_UNUSED_FUNCTION = YES;
				GCC_WARN_UNUSED_VARIABLE = YES;
				LOCALIZATION_PREFERS_STRING_CATALOGS = YES;
				MTL_ENABLE_DEBUG_INFO = INCLUDE_SOURCE;
				MTL_FAST_MATH = YES;
				ONLY_ACTIVE_ARCH = YES;
				SDKROOT = xros;
				SWIFT_ACTIVE_COMPILATION_CONDITIONS = "DEBUG $(inherited)";
				SWIFT_OPTIMIZATION_LEVEL = "-Onone";
				XROS_DEPLOYMENT_TARGET = 1.0;
			};
			name = Debug;
		};
		A0918F712ACD90FA00872138 /* Release */ = {
			isa = XCBuildConfiguration;
			buildSettings = {
				ALWAYS_SEARCH_USER_PATHS = NO;
				ASSETCATALOG_COMPILER_GENERATE_SWIFT_ASSET_SYMBOL_EXTENSIONS = YES;
				CLANG_ANALYZER_NONNULL = YES;
				CLANG_ANALYZER_NUMBER_OBJECT_CONVERSION = YES_AGGRESSIVE;
				CLANG_CXX_LANGUAGE_STANDARD = "gnu++20";
				CLANG_ENABLE_MODULES = YES;
				CLANG_ENABLE_OBJC_ARC = YES;
				CLANG_ENABLE_OBJC_WEAK = YES;
				CLANG_WARN_BLOCK_CAPTURE_AUTORELEASING = YES;
				CLANG_WARN_BOOL_CONVERSION = YES;
				CLANG_WARN_COMMA = YES;
				CLANG_WARN_CONSTANT_CONVERSION = YES;
				CLANG_WARN_DEPRECATED_OBJC_IMPLEMENTATIONS = YES;
				CLANG_WARN_DIRECT_OBJC_ISA_USAGE = YES_ERROR;
				CLANG_WARN_DOCUMENTATION_COMMENTS = YES;
				CLANG_WARN_EMPTY_BODY = YES;
				CLANG_WARN_ENUM_CONVERSION = YES;
				CLANG_WARN_INFINITE_RECURSION = YES;
				CLANG_WARN_INT_CONVERSION = YES;
				CLANG_WARN_NON_LITERAL_NULL_CONVERSION = YES;
				CLANG_WARN_OBJC_IMPLICIT_RETAIN_SELF = YES;
				CLANG_WARN_OBJC_LITERAL_CONVERSION = YES;
				CLANG_WARN_OBJC_ROOT_CLASS = YES_ERROR;
				CLANG_WARN_QUOTED_INCLUDE_IN_FRAMEWORK_HEADER = YES;
				CLANG_WARN_RANGE_LOOP_ANALYSIS = YES;
				CLANG_WARN_STRICT_PROTOTYPES = YES;
				CLANG_WARN_SUSPICIOUS_MOVE = YES;
				CLANG_WARN_UNGUARDED_AVAILABILITY = YES_AGGRESSIVE;
				CLANG_WARN_UNREACHABLE_CODE = YES;
				CLANG_WARN__DUPLICATE_METHOD_MATCH = YES;
				COPY_PHASE_STRIP = NO;
				DEBUG_INFORMATION_FORMAT = "dwarf-with-dsym";
				ENABLE_NS_ASSERTIONS = NO;
				ENABLE_STRICT_OBJC_MSGSEND = YES;
				ENABLE_USER_SCRIPT_SANDBOXING = YES;
				GCC_C_LANGUAGE_STANDARD = gnu17;
				GCC_NO_COMMON_BLOCKS = YES;
				GCC_WARN_64_TO_32_BIT_CONVERSION = YES;
				GCC_WARN_ABOUT_RETURN_TYPE = YES_ERROR;
				GCC_WARN_UNDECLARED_SELECTOR = YES;
				GCC_WARN_UNINITIALIZED_AUTOS = YES_AGGRESSIVE;
				GCC_WARN_UNUSED_FUNCTION = YES;
				GCC_WARN_UNUSED_VARIABLE = YES;
				LOCALIZATION_PREFERS_STRING_CATALOGS = YES;
				MTL_ENABLE_DEBUG_INFO = NO;
				MTL_FAST_MATH = YES;
				SDKROOT = xros;
				SWIFT_COMPILATION_MODE = wholemodule;
				VALIDATE_PRODUCT = YES;
				XROS_DEPLOYMENT_TARGET = 1.0;
			};
			name = Release;
		};
		A0918F732ACD90FA00872138 /* Debug */ = {
			isa = XCBuildConfiguration;
			buildSettings = {
				ASSETCATALOG_COMPILER_APPICON_NAME = AppIcon;
				ASSETCATALOG_COMPILER_GLOBAL_ACCENT_COLOR_NAME = AccentColor;
				CODE_SIGN_STYLE = Automatic;
				CURRENT_PROJECT_VERSION = 1;
				DEVELOPMENT_ASSET_PATHS = "\"myvision/Preview Content\"";
				DEVELOPMENT_TEAM = LC2296FQG6;
				ENABLE_PREVIEWS = YES;
				GENERATE_INFOPLIST_FILE = YES;
				INFOPLIST_FILE = "$(TARGET_NAME)/Info.plist";
				LD_RUNPATH_SEARCH_PATHS = (
					"$(inherited)",
					"@executable_path/Frameworks",
				);
				MARKETING_VERSION = 1.0;
				PRODUCT_BUNDLE_IDENTIFIER = com.cxq.myvision;
				PRODUCT_NAME = "$(TARGET_NAME)";
				SUPPORTED_PLATFORMS = "xros xrsimulator";
				SWIFT_EMIT_LOC_STRINGS = YES;
				SWIFT_VERSION = 5.0;
				TARGETED_DEVICE_FAMILY = "1,2,7";
			};
			name = Debug;
		};
		A0918F742ACD90FA00872138 /* Release */ = {
			isa = XCBuildConfiguration;
			buildSettings = {
				ASSETCATALOG_COMPILER_APPICON_NAME = AppIcon;
				ASSETCATALOG_COMPILER_GLOBAL_ACCENT_COLOR_NAME = AccentColor;
				CODE_SIGN_STYLE = Automatic;
				CURRENT_PROJECT_VERSION = 1;
				DEVELOPMENT_ASSET_PATHS = "\"myvision/Preview Content\"";
				DEVELOPMENT_TEAM = LC2296FQG6;
				ENABLE_PREVIEWS = YES;
				GENERATE_INFOPLIST_FILE = YES;
				INFOPLIST_FILE = "$(TARGET_NAME)/Info.plist";
				LD_RUNPATH_SEARCH_PATHS = (
					"$(inherited)",
					"@executable_path/Frameworks",
				);
				MARKETING_VERSION = 1.0;
				PRODUCT_BUNDLE_IDENTIFIER = com.cxq.myvision;
				PRODUCT_NAME = "$(TARGET_NAME)";
				SUPPORTED_PLATFORMS = "xros xrsimulator";
				SWIFT_EMIT_LOC_STRINGS = YES;
				SWIFT_VERSION = 5.0;
				TARGETED_DEVICE_FAMILY = "1,2,7";
			};
			name = Release;
		};
		A0918F762ACD90FA00872138 /* Debug */ = {
			isa = XCBuildConfiguration;
			buildSettings = {
				ALWAYS_EMBED_SWIFT_STANDARD_LIBRARIES = YES;
				BUNDLE_LOADER = "$(TEST_HOST)";
				CODE_SIGN_STYLE = Automatic;
				CURRENT_PROJECT_VERSION = 1;
				DEVELOPMENT_TEAM = LC2296FQG6;
				GENERATE_INFOPLIST_FILE = YES;
				MARKETING_VERSION = 1.0;
				PRODUCT_BUNDLE_IDENTIFIER = com.cxq.myvisionTests;
				PRODUCT_NAME = "$(TARGET_NAME)";
				SUPPORTED_PLATFORMS = "xros xrsimulator";
				SWIFT_EMIT_LOC_STRINGS = NO;
				SWIFT_VERSION = 5.0;
				TARGETED_DEVICE_FAMILY = "1,2,7";
				TEST_HOST = "$(BUILT_PRODUCTS_DIR)/myvision.app/$(BUNDLE_EXECUTABLE_FOLDER_PATH)/myvision";
				XROS_DEPLOYMENT_TARGET = 1.0;
			};
			name = Debug;
		};
		A0918F772ACD90FA00872138 /* Release */ = {
			isa = XCBuildConfiguration;
			buildSettings = {
				ALWAYS_EMBED_SWIFT_STANDARD_LIBRARIES = YES;
				BUNDLE_LOADER = "$(TEST_HOST)";
				CODE_SIGN_STYLE = Automatic;
				CURRENT_PROJECT_VERSION = 1;
				DEVELOPMENT_TEAM = LC2296FQG6;
				GENERATE_INFOPLIST_FILE = YES;
				MARKETING_VERSION = 1.0;
				PRODUCT_BUNDLE_IDENTIFIER = com.cxq.myvisionTests;
				PRODUCT_NAME = "$(TARGET_NAME)";
				SUPPORTED_PLATFORMS = "xros xrsimulator";
				SWIFT_EMIT_LOC_STRINGS = NO;
				SWIFT_VERSION = 5.0;
				TARGETED_DEVICE_FAMILY = "1,2,7";
				TEST_HOST = "$(BUILT_PRODUCTS_DIR)/myvision.app/$(BUNDLE_EXECUTABLE_FOLDER_PATH)/myvision";
				XROS_DEPLOYMENT_TARGET = 1.0;
			};
			name = Release;
		};
/* End XCBuildConfiguration section */

/* Begin XCConfigurationList section */
		A0918F4E2ACD90F900872138 /* Build configuration list for PBXProject "myvision" */ = {
			isa = XCConfigurationList;
			buildConfigurations = (
				A0918F702ACD90FA00872138 /* Debug */,
				A0918F712ACD90FA00872138 /* Release */,
			);
			defaultConfigurationIsVisible = 0;
			defaultConfigurationName = Release;
		};
		A0918F722ACD90FA00872138 /* Build configuration list for PBXNativeTarget "myvision" */ = {
			isa = XCConfigurationList;
			buildConfigurations = (
				A0918F732ACD90FA00872138 /* Debug */,
				A0918F742ACD90FA00872138 /* Release */,
			);
			defaultConfigurationIsVisible = 0;
			defaultConfigurationName = Release;
		};
		A0918F752ACD90FA00872138 /* Build configuration list for PBXNativeTarget "myvisionTests" */ = {
			isa = XCConfigurationList;
			buildConfigurations = (
				A0918F762ACD90FA00872138 /* Debug */,
				A0918F772ACD90FA00872138 /* Release */,
			);
			defaultConfigurationIsVisible = 0;
			defaultConfigurationName = Release;
		};
/* End XCConfigurationList section */

/* Begin XCSwiftPackageProductDependency section */
		A0918F582ACD90F900872138 /* RealityKitContent */ = {
			isa = XCSwiftPackageProductDependency;
			productName = RealityKitContent;
		};
/* End XCSwiftPackageProductDependency section */
	};
	rootObject = A0918F4B2ACD90F900872138 /* Project object */;
}
